
Microsoft Visual Studio Solution File, Format Version 12.00
# Visual Studio Version 17
VisualStudioVersion = 17.11.35327.3
MinimumVisualStudioVersion = 10.0.40219.1
Project("{FAE04EC0-301F-11D3-BF4B-00C04F79EFBC}") = "BigDataOrdersDashboard", "BigDataOrdersDashboard\BigDataOrdersDashboard.csproj", "{C8031856-A5E9-4772-8E0B-92938564972D}"
EndProject
Global
	GlobalSection(SolutionConfigurationPlatforms) = preSolution
		Debug|Any CPU = Debug|Any CPU
		Release|Any CPU = Release|Any CPU
	EndGlobalSection
	GlobalSection(ProjectConfigurationPlatforms) = postSolution
		{C8031856-A5E9-4772-8E0B-92938564972D}.Debug|Any CPU.ActiveCfg = Debug|Any CPU
		{C8031856-A5E9-4772-8E0B-92938564972D}.Debug|Any CPU.Build.0 = Debug|Any CPU
		{C8031856-A5E9-4772-8E0B-92938564972D}.Release|Any CPU.ActiveCfg = Release|Any CPU
		{C8031856-A5E9-4772-8E0B-92938564972D}.Release|Any CPU.Build.0 = Release|Any CPU
	EndGlobalSection
	GlobalSection(SolutionProperties) = preSolution
		HideSolutionNode = FALSE
	EndGlobalSection
	GlobalSection(ExtensibilityGlobals) = postSolution
		SolutionGuid = {BFEA99BC-1128-46E0-AA87-3AFFF5740734}
	EndGlobalSection
EndGlobal
